
Microsoft Visual Studio Solution File, Format Version 12.00
# Visual Studio Version 16
VisualStudioVersion = 16.0.30406.217
MinimumVisualStudioVersion = 10.0.40219.1
Project("{FAE04EC0-301F-11D3-BF4B-00C04F79EFBC}") = "NclVaultAPIServer", "NclVaultAPIServer\NclVaultAPIServer.csproj", "{B4976C90-8D70-4E04-ADDE-224BA0745412}"
EndProject
Global
	GlobalSection(SolutionConfigurationPlatforms) = preSolution
		Debug|Any CPU = Debug|Any CPU
		Release|Any CPU = Release|Any CPU
	EndGlobalSection
	GlobalSection(ProjectConfigurationPlatforms) = postSolution
		{B4976C90-8D70-4E04-ADDE-224BA0745412}.Debug|Any CPU.ActiveCfg = Debug|Any CPU
		{B4976C90-8D70-4E04-ADDE-224BA0745412}.Debug|Any CPU.Build.0 = Debug|Any CPU
		{B4976C90-8D70-4E04-ADDE-224BA0745412}.Release|Any CPU.ActiveCfg = Release|Any CPU
		{B4976C90-8D70-4E04-ADDE-224BA0745412}.Release|Any CPU.Build.0 = Release|Any CPU
	EndGlobalSection
	GlobalSection(SolutionProperties) = preSolution
		HideSolutionNode = FALSE
	EndGlobalSection
	GlobalSection(ExtensibilityGlobals) = postSolution
		SolutionGuid = {84EC688A-C778-49DE-8108-B136D1CD4357}
	EndGlobalSection
EndGlobal
