
Microsoft Visual Studio Solution File, Format Version 12.00
# Visual Studio Version 16
VisualStudioVersion = 16.0.30406.217
MinimumVisualStudioVersion = 10.0.40219.1
Project("{9A19103F-16F7-4668-BE54-9A1E7A4F7556}") = "NclVaultAPIServer", "NclVaultAPIServer\NclVaultAPIServer.csproj", "{B4976C90-8D70-4E04-ADDE-224BA0745412}"
EndProject
Project("{9A19103F-16F7-4668-BE54-9A1E7A4F7556}") = "NclVaultUnitTest", "NclVaultUnitTest\NclVaultUnitTest.csproj", "{E9F03E72-E125-4B70-A281-AF9EDAD4B257}"
EndProject
Project("{9A19103F-16F7-4668-BE54-9A1E7A4F7556}") = "NETCore.CryptoLibrary", "..\NETCore.CryptoLibrary\NETCore.CryptoLibrary\NETCore.CryptoLibrary\NETCore.CryptoLibrary.csproj", "{F581F564-46DB-45C9-89B3-20DF44D217F8}"
EndProject
Global
	GlobalSection(SolutionConfigurationPlatforms) = preSolution
		Debug|Any CPU = Debug|Any CPU
		Release|Any CPU = Release|Any CPU
	EndGlobalSection
	GlobalSection(ProjectConfigurationPlatforms) = postSolution
		{B4976C90-8D70-4E04-ADDE-224BA0745412}.Debug|Any CPU.ActiveCfg = Debug|Any CPU
		{B4976C90-8D70-4E04-ADDE-224BA0745412}.Debug|Any CPU.Build.0 = Debug|Any CPU
		{B4976C90-8D70-4E04-ADDE-224BA0745412}.Release|Any CPU.ActiveCfg = Release|Any CPU
		{B4976C90-8D70-4E04-ADDE-224BA0745412}.Release|Any CPU.Build.0 = Release|Any CPU
		{E9F03E72-E125-4B70-A281-AF9EDAD4B257}.Debug|Any CPU.ActiveCfg = Debug|Any CPU
		{E9F03E72-E125-4B70-A281-AF9EDAD4B257}.Debug|Any CPU.Build.0 = Debug|Any CPU
		{E9F03E72-E125-4B70-A281-AF9EDAD4B257}.Release|Any CPU.ActiveCfg = Release|Any CPU
		{E9F03E72-E125-4B70-A281-AF9EDAD4B257}.Release|Any CPU.Build.0 = Release|Any CPU
		{F581F564-46DB-45C9-89B3-20DF44D217F8}.Debug|Any CPU.ActiveCfg = Debug|Any CPU
		{F581F564-46DB-45C9-89B3-20DF44D217F8}.Debug|Any CPU.Build.0 = Debug|Any CPU
		{F581F564-46DB-45C9-89B3-20DF44D217F8}.Release|Any CPU.ActiveCfg = Release|Any CPU
		{F581F564-46DB-45C9-89B3-20DF44D217F8}.Release|Any CPU.Build.0 = Release|Any CPU
	EndGlobalSection
	GlobalSection(SolutionProperties) = preSolution
		HideSolutionNode = FALSE
	EndGlobalSection
	GlobalSection(ExtensibilityGlobals) = postSolution
		SolutionGuid = {84EC688A-C778-49DE-8108-B136D1CD4357}
	EndGlobalSection
EndGlobal
